// !$*UTF8*$!
{
	archiveVersion = 1;
	classes = {
	};
	objectVersion = 50;
	objects = {

/* Begin PBXBuildFile section */
		C1D18DEB23A426B500423D7F /* AppDelegate.swift in Sources */ = {isa = PBXBuildFile; fileRef = C1D18DEA23A426B500423D7F /* AppDelegate.swift */; };
		C1D18DED23A426B500423D7F /* SceneDelegate.swift in Sources */ = {isa = PBXBuildFile; fileRef = C1D18DEC23A426B500423D7F /* SceneDelegate.swift */; };
		C1D18DEF23A426B500423D7F /* xkcdViewController.swift in Sources */ = {isa = PBXBuildFile; fileRef = C1D18DEE23A426B500423D7F /* xkcdViewController.swift */; };
		C1D18DF223A426B500423D7F /* Main.storyboard in Resources */ = {isa = PBXBuildFile; fileRef = C1D18DF023A426B500423D7F /* Main.storyboard */; };
		C1D18DF423A426BC00423D7F /* Assets.xcassets in Resources */ = {isa = PBXBuildFile; fileRef = C1D18DF323A426BC00423D7F /* Assets.xcassets */; };
		C1D18DF723A426BC00423D7F /* LaunchScreen.storyboard in Resources */ = {isa = PBXBuildFile; fileRef = C1D18DF523A426BC00423D7F /* LaunchScreen.storyboard */; };
		C1D18DFF23A4274E00423D7F /* PokemonViewController.swift in Sources */ = {isa = PBXBuildFile; fileRef = C1D18DFE23A4274E00423D7F /* PokemonViewController.swift */; };
		C1D18E0123A4298200423D7F /* RandomUserViewController.swift in Sources */ = {isa = PBXBuildFile; fileRef = C1D18E0023A4298200423D7F /* RandomUserViewController.swift */; };
		C1D18E0423A42B0600423D7F /* pokemonModel.swift in Sources */ = {isa = PBXBuildFile; fileRef = C1D18E0323A42B0600423D7F /* pokemonModel.swift */; };
		C1D18E0623A42B3B00423D7F /* xkcdComicModel.swift in Sources */ = {isa = PBXBuildFile; fileRef = C1D18E0523A42B3B00423D7F /* xkcdComicModel.swift */; };
		C1D18E0A23A42CFE00423D7F /* NetworkHelper.swift in Sources */ = {isa = PBXBuildFile; fileRef = C1D18E0923A42CFE00423D7F /* NetworkHelper.swift */; };
		C1D18E0C23A4327C00423D7F /* xkcdComicAPI.swift in Sources */ = {isa = PBXBuildFile; fileRef = C1D18E0B23A4327C00423D7F /* xkcdComicAPI.swift */; };
/* End PBXBuildFile section */

/* Begin PBXFileReference section */
		C1D18DE723A426B500423D7F /* ImagesLab.app */ = {isa = PBXFileReference; explicitFileType = wrapper.application; includeInIndex = 0; path = ImagesLab.app; sourceTree = BUILT_PRODUCTS_DIR; };
		C1D18DEA23A426B500423D7F /* AppDelegate.swift */ = {isa = PBXFileReference; lastKnownFileType = sourcecode.swift; path = AppDelegate.swift; sourceTree = "<group>"; };
		C1D18DEC23A426B500423D7F /* SceneDelegate.swift */ = {isa = PBXFileReference; lastKnownFileType = sourcecode.swift; path = SceneDelegate.swift; sourceTree = "<group>"; };
		C1D18DEE23A426B500423D7F /* xkcdViewController.swift */ = {isa = PBXFileReference; lastKnownFileType = sourcecode.swift; path = xkcdViewController.swift; sourceTree = "<group>"; };
		C1D18DF123A426B500423D7F /* Base */ = {isa = PBXFileReference; lastKnownFileType = file.storyboard; name = Base; path = Base.lproj/Main.storyboard; sourceTree = "<group>"; };
		C1D18DF323A426BC00423D7F /* Assets.xcassets */ = {isa = PBXFileReference; lastKnownFileType = folder.assetcatalog; path = Assets.xcassets; sourceTree = "<group>"; };
		C1D18DF623A426BC00423D7F /* Base */ = {isa = PBXFileReference; lastKnownFileType = file.storyboard; name = Base; path = Base.lproj/LaunchScreen.storyboard; sourceTree = "<group>"; };
		C1D18DF823A426BC00423D7F /* Info.plist */ = {isa = PBXFileReference; lastKnownFileType = text.plist.xml; path = Info.plist; sourceTree = "<group>"; };
		C1D18DFE23A4274E00423D7F /* PokemonViewController.swift */ = {isa = PBXFileReference; lastKnownFileType = sourcecode.swift; path = PokemonViewController.swift; sourceTree = "<group>"; };
		C1D18E0023A4298200423D7F /* RandomUserViewController.swift */ = {isa = PBXFileReference; lastKnownFileType = sourcecode.swift; path = RandomUserViewController.swift; sourceTree = "<group>"; };
		C1D18E0323A42B0600423D7F /* pokemonModel.swift */ = {isa = PBXFileReference; lastKnownFileType = sourcecode.swift; path = pokemonModel.swift; sourceTree = "<group>"; };
		C1D18E0523A42B3B00423D7F /* xkcdComicModel.swift */ = {isa = PBXFileReference; lastKnownFileType = sourcecode.swift; path = xkcdComicModel.swift; sourceTree = "<group>"; };
		C1D18E0923A42CFE00423D7F /* NetworkHelper.swift */ = {isa = PBXFileReference; lastKnownFileType = sourcecode.swift; path = NetworkHelper.swift; sourceTree = "<group>"; };
		C1D18E0B23A4327C00423D7F /* xkcdComicAPI.swift */ = {isa = PBXFileReference; lastKnownFileType = sourcecode.swift; path = xkcdComicAPI.swift; sourceTree = "<group>"; };
/* End PBXFileReference section */

/* Begin PBXFrameworksBuildPhase section */
		C1D18DE423A426B500423D7F /* Frameworks */ = {
			isa = PBXFrameworksBuildPhase;
			buildActionMask = 2147483647;
			files = (
			);
			runOnlyForDeploymentPostprocessing = 0;
		};
/* End PBXFrameworksBuildPhase section */

/* Begin PBXGroup section */
		C1D18DDE23A426B500423D7F = {
			isa = PBXGroup;
			children = (
				C1D18DE923A426B500423D7F /* ImagesLab */,
				C1D18DE823A426B500423D7F /* Products */,
			);
			sourceTree = "<group>";
		};
		C1D18DE823A426B500423D7F /* Products */ = {
			isa = PBXGroup;
			children = (
				C1D18DE723A426B500423D7F /* ImagesLab.app */,
			);
			name = Products;
			sourceTree = "<group>";
		};
		C1D18DE923A426B500423D7F /* ImagesLab */ = {
			isa = PBXGroup;
			children = (
				C1D18DEA23A426B500423D7F /* AppDelegate.swift */,
				C1D18DEC23A426B500423D7F /* SceneDelegate.swift */,
				C1D18DF023A426B500423D7F /* Main.storyboard */,
				C1D18E0223A42A1C00423D7F /* ViewControllers */,
				C1D18E0723A42CA800423D7F /* Models */,
				C1D18E0823A42CE800423D7F /* Network Services */,
				C1D18DF323A426BC00423D7F /* Assets.xcassets */,
				C1D18DF523A426BC00423D7F /* LaunchScreen.storyboard */,
				C1D18DF823A426BC00423D7F /* Info.plist */,
			);
			path = ImagesLab;
			sourceTree = "<group>";
		};
		C1D18E0223A42A1C00423D7F /* ViewControllers */ = {
			isa = PBXGroup;
			children = (
				C1D18DEE23A426B500423D7F /* xkcdViewController.swift */,
				C1D18DFE23A4274E00423D7F /* PokemonViewController.swift */,
				C1D18E0023A4298200423D7F /* RandomUserViewController.swift */,
			);
			path = ViewControllers;
			sourceTree = "<group>";
		};
		C1D18E0723A42CA800423D7F /* Models */ = {
			isa = PBXGroup;
			children = (
				C1D18E0323A42B0600423D7F /* pokemonModel.swift */,
				C1D18E0523A42B3B00423D7F /* xkcdComicModel.swift */,
			);
			path = Models;
			sourceTree = "<group>";
		};
		C1D18E0823A42CE800423D7F /* Network Services */ = {
			isa = PBXGroup;
			children = (
				C1D18E0923A42CFE00423D7F /* NetworkHelper.swift */,
				C1D18E0B23A4327C00423D7F /* xkcdComicAPI.swift */,
			);
			path = "Network Services";
			sourceTree = "<group>";
		};
/* End PBXGroup section */

/* Begin PBXNativeTarget section */
		C1D18DE623A426B500423D7F /* ImagesLab */ = {
			isa = PBXNativeTarget;
			buildConfigurationList = C1D18DFB23A426BC00423D7F /* Build configuration list for PBXNativeTarget "ImagesLab" */;
			buildPhases = (
				C1D18DE323A426B500423D7F /* Sources */,
				C1D18DE423A426B500423D7F /* Frameworks */,
				C1D18DE523A426B500423D7F /* Resources */,
			);
			buildRules = (
			);
			dependencies = (
			);
			name = ImagesLab;
			productName = ImagesLab;
			productReference = C1D18DE723A426B500423D7F /* ImagesLab.app */;
			productType = "com.apple.product-type.application";
		};
/* End PBXNativeTarget section */

/* Begin PBXProject section */
		C1D18DDF23A426B500423D7F /* Project object */ = {
			isa = PBXProject;
			attributes = {
				LastSwiftUpdateCheck = 1120;
				LastUpgradeCheck = 1120;
				ORGANIZATIONNAME = "Gregory Keeley";
				TargetAttributes = {
					C1D18DE623A426B500423D7F = {
						CreatedOnToolsVersion = 11.2.1;
					};
				};
			};
			buildConfigurationList = C1D18DE223A426B500423D7F /* Build configuration list for PBXProject "ImagesLab" */;
			compatibilityVersion = "Xcode 9.3";
			developmentRegion = en;
			hasScannedForEncodings = 0;
			knownRegions = (
				en,
				Base,
			);
			mainGroup = C1D18DDE23A426B500423D7F;
			productRefGroup = C1D18DE823A426B500423D7F /* Products */;
			projectDirPath = "";
			projectRoot = "";
			targets = (
				C1D18DE623A426B500423D7F /* ImagesLab */,
			);
		};
/* End PBXProject section */

/* Begin PBXResourcesBuildPhase section */
		C1D18DE523A426B500423D7F /* Resources */ = {
			isa = PBXResourcesBuildPhase;
			buildActionMask = 2147483647;
			files = (
				C1D18DF723A426BC00423D7F /* LaunchScreen.storyboard in Resources */,
				C1D18DF423A426BC00423D7F /* Assets.xcassets in Resources */,
				C1D18DF223A426B500423D7F /* Main.storyboard in Resources */,
			);
			runOnlyForDeploymentPostprocessing = 0;
		};
/* End PBXResourcesBuildPhase section */

/* Begin PBXSourcesBuildPhase section */
		C1D18DE323A426B500423D7F /* Sources */ = {
			isa = PBXSourcesBuildPhase;
			buildActionMask = 2147483647;
			files = (
				C1D18E0A23A42CFE00423D7F /* NetworkHelper.swift in Sources */,
				C1D18DEF23A426B500423D7F /* xkcdViewController.swift in Sources */,
				C1D18E0623A42B3B00423D7F /* xkcdComicModel.swift in Sources */,
				C1D18E0123A4298200423D7F /* RandomUserViewController.swift in Sources */,
				C1D18DEB23A426B500423D7F /* AppDelegate.swift in Sources */,
				C1D18DFF23A4274E00423D7F /* PokemonViewController.swift in Sources */,
				C1D18DED23A426B500423D7F /* SceneDelegate.swift in Sources */,
				C1D18E0423A42B0600423D7F /* pokemonModel.swift in Sources */,
				C1D18E0C23A4327C00423D7F /* xkcdComicAPI.swift in Sources */,
			);
			runOnlyForDeploymentPostprocessing = 0;
		};
/* End PBXSourcesBuildPhase section */

/* Begin PBXVariantGroup section */
		C1D18DF023A426B500423D7F /* Main.storyboard */ = {
			isa = PBXVariantGroup;
			children = (
				C1D18DF123A426B500423D7F /* Base */,
			);
			name = Main.storyboard;
			sourceTree = "<group>";
		};
		C1D18DF523A426BC00423D7F /* LaunchScreen.storyboard */ = {
			isa = PBXVariantGroup;
			children = (
				C1D18DF623A426BC00423D7F /* Base */,
			);
			name = LaunchScreen.storyboard;
			sourceTree = "<group>";
		};
/* End PBXVariantGroup section */

/* Begin XCBuildConfiguration section */
		C1D18DF923A426BC00423D7F /* Debug */ = {
			isa = XCBuildConfiguration;
			buildSettings = {
				ALWAYS_SEARCH_USER_PATHS = NO;
				CLANG_ANALYZER_NONNULL = YES;
				CLANG_ANALYZER_NUMBER_OBJECT_CONVERSION = YES_AGGRESSIVE;
				CLANG_CXX_LANGUAGE_STANDARD = "gnu++14";
				CLANG_CXX_LIBRARY = "libc++";
				CLANG_ENABLE_MODULES = YES;
				CLANG_ENABLE_OBJC_ARC = YES;
				CLANG_ENABLE_OBJC_WEAK = YES;
				CLANG_WARN_BLOCK_CAPTURE_AUTORELEASING = YES;
				CLANG_WARN_BOOL_CONVERSION = YES;
				CLANG_WARN_COMMA = YES;
				CLANG_WARN_CONSTANT_CONVERSION = YES;
				CLANG_WARN_DEPRECATED_OBJC_IMPLEMENTATIONS = YES;
				CLANG_WARN_DIRECT_OBJC_ISA_USAGE = YES_ERROR;
				CLANG_WARN_DOCUMENTATION_COMMENTS = YES;
				CLANG_WARN_EMPTY_BODY = YES;
				CLANG_WARN_ENUM_CONVERSION = YES;
				CLANG_WARN_INFINITE_RECURSION = YES;
				CLANG_WARN_INT_CONVERSION = YES;
				CLANG_WARN_NON_LITERAL_NULL_CONVERSION = YES;
				CLANG_WARN_OBJC_IMPLICIT_RETAIN_SELF = YES;
				CLANG_WARN_OBJC_LITERAL_CONVERSION = YES;
				CLANG_WARN_OBJC_ROOT_CLASS = YES_ERROR;
				CLANG_WARN_RANGE_LOOP_ANALYSIS = YES;
				CLANG_WARN_STRICT_PROTOTYPES = YES;
				CLANG_WARN_SUSPICIOUS_MOVE = YES;
				CLANG_WARN_UNGUARDED_AVAILABILITY = YES_AGGRESSIVE;
				CLANG_WARN_UNREACHABLE_CODE = YES;
				CLANG_WARN__DUPLICATE_METHOD_MATCH = YES;
				COPY_PHASE_STRIP = NO;
				DEBUG_INFORMATION_FORMAT = dwarf;
				ENABLE_STRICT_OBJC_MSGSEND = YES;
				ENABLE_TESTABILITY = YES;
				GCC_C_LANGUAGE_STANDARD = gnu11;
				GCC_DYNAMIC_NO_PIC = NO;
				GCC_NO_COMMON_BLOCKS = YES;
				GCC_OPTIMIZATION_LEVEL = 0;
				GCC_PREPROCESSOR_DEFINITIONS = (
					"DEBUG=1",
					"$(inherited)",
				);
				GCC_WARN_64_TO_32_BIT_CONVERSION = YES;
				GCC_WARN_ABOUT_RETURN_TYPE = YES_ERROR;
				GCC_WARN_UNDECLARED_SELECTOR = YES;
				GCC_WARN_UNINITIALIZED_AUTOS = YES_AGGRESSIVE;
				GCC_WARN_UNUSED_FUNCTION = YES;
				GCC_WARN_UNUSED_VARIABLE = YES;
				IPHONEOS_DEPLOYMENT_TARGET = 13.2;
				MTL_ENABLE_DEBUG_INFO = INCLUDE_SOURCE;
				MTL_FAST_MATH = YES;
				ONLY_ACTIVE_ARCH = YES;
				SDKROOT = iphoneos;
				SWIFT_ACTIVE_COMPILATION_CONDITIONS = DEBUG;
				SWIFT_OPTIMIZATION_LEVEL = "-Onone";
			};
			name = Debug;
		};
		C1D18DFA23A426BC00423D7F /* Release */ = {
			isa = XCBuildConfiguration;
			buildSettings = {
				ALWAYS_SEARCH_USER_PATHS = NO;
				CLANG_ANALYZER_NONNULL = YES;
				CLANG_ANALYZER_NUMBER_OBJECT_CONVERSION = YES_AGGRESSIVE;
				CLANG_CXX_LANGUAGE_STANDARD = "gnu++14";
				CLANG_CXX_LIBRARY = "libc++";
				CLANG_ENABLE_MODULES = YES;
				CLANG_ENABLE_OBJC_ARC = YES;
				CLANG_ENABLE_OBJC_WEAK = YES;
				CLANG_WARN_BLOCK_CAPTURE_AUTORELEASING = YES;
				CLANG_WARN_BOOL_CONVERSION = YES;
				CLANG_WARN_COMMA = YES;
				CLANG_WARN_CONSTANT_CONVERSION = YES;
				CLANG_WARN_DEPRECATED_OBJC_IMPLEMENTATIONS = YES;
				CLANG_WARN_DIRECT_OBJC_ISA_USAGE = YES_ERROR;
				CLANG_WARN_DOCUMENTATION_COMMENTS = YES;
				CLANG_WARN_EMPTY_BODY = YES;
				CLANG_WARN_ENUM_CONVERSION = YES;
				CLANG_WARN_INFINITE_RECURSION = YES;
				CLANG_WARN_INT_CONVERSION = YES;
				CLANG_WARN_NON_LITERAL_NULL_CONVERSION = YES;
				CLANG_WARN_OBJC_IMPLICIT_RETAIN_SELF = YES;
				CLANG_WARN_OBJC_LITERAL_CONVERSION = YES;
				CLANG_WARN_OBJC_ROOT_CLASS = YES_ERROR;
				CLANG_WARN_RANGE_LOOP_ANALYSIS = YES;
				CLANG_WARN_STRICT_PROTOTYPES = YES;
				CLANG_WARN_SUSPICIOUS_MOVE = YES;
				CLANG_WARN_UNGUARDED_AVAILABILITY = YES_AGGRESSIVE;
				CLANG_WARN_UNREACHABLE_CODE = YES;
				CLANG_WARN__DUPLICATE_METHOD_MATCH = YES;
				COPY_PHASE_STRIP = NO;
				DEBUG_INFORMATION_FORMAT = "dwarf-with-dsym";
				ENABLE_NS_ASSERTIONS = NO;
				ENABLE_STRICT_OBJC_MSGSEND = YES;
				GCC_C_LANGUAGE_STANDARD = gnu11;
				GCC_NO_COMMON_BLOCKS = YES;
				GCC_WARN_64_TO_32_BIT_CONVERSION = YES;
				GCC_WARN_ABOUT_RETURN_TYPE = YES_ERROR;
				GCC_WARN_UNDECLARED_SELECTOR = YES;
				GCC_WARN_UNINITIALIZED_AUTOS = YES_AGGRESSIVE;
				GCC_WARN_UNUSED_FUNCTION = YES;
				GCC_WARN_UNUSED_VARIABLE = YES;
				IPHONEOS_DEPLOYMENT_TARGET = 13.2;
				MTL_ENABLE_DEBUG_INFO = NO;
				MTL_FAST_MATH = YES;
				SDKROOT = iphoneos;
				SWIFT_COMPILATION_MODE = wholemodule;
				SWIFT_OPTIMIZATION_LEVEL = "-O";
				VALIDATE_PRODUCT = YES;
			};
			name = Release;
		};
		C1D18DFC23A426BC00423D7F /* Debug */ = {
			isa = XCBuildConfiguration;
			buildSettings = {
				ASSETCATALOG_COMPILER_APPICON_NAME = AppIcon;
				CODE_SIGN_STYLE = Automatic;
				DEVELOPMENT_TEAM = G4KQ459XHC;
				INFOPLIST_FILE = ImagesLab/Info.plist;
				LD_RUNPATH_SEARCH_PATHS = (
					"$(inherited)",
					"@executable_path/Frameworks",
				);
				PRODUCT_BUNDLE_IDENTIFIER = org.gregkeeley.ImagesLab;
				PRODUCT_NAME = "$(TARGET_NAME)";
				SWIFT_VERSION = 5.0;
				TARGETED_DEVICE_FAMILY = "1,2";
			};
			name = Debug;
		};
		C1D18DFD23A426BC00423D7F /* Release */ = {
			isa = XCBuildConfiguration;
			buildSettings = {
				ASSETCATALOG_COMPILER_APPICON_NAME = AppIcon;
				CODE_SIGN_STYLE = Automatic;
				DEVELOPMENT_TEAM = G4KQ459XHC;
				INFOPLIST_FILE = ImagesLab/Info.plist;
				LD_RUNPATH_SEARCH_PATHS = (
					"$(inherited)",
					"@executable_path/Frameworks",
				);
				PRODUCT_BUNDLE_IDENTIFIER = org.gregkeeley.ImagesLab;
				PRODUCT_NAME = "$(TARGET_NAME)";
				SWIFT_VERSION = 5.0;
				TARGETED_DEVICE_FAMILY = "1,2";
			};
			name = Release;
		};
/* End XCBuildConfiguration section */

/* Begin XCConfigurationList section */
		C1D18DE223A426B500423D7F /* Build configuration list for PBXProject "ImagesLab" */ = {
			isa = XCConfigurationList;
			buildConfigurations = (
				C1D18DF923A426BC00423D7F /* Debug */,
				C1D18DFA23A426BC00423D7F /* Release */,
			);
			defaultConfigurationIsVisible = 0;
			defaultConfigurationName = Release;
		};
		C1D18DFB23A426BC00423D7F /* Build configuration list for PBXNativeTarget "ImagesLab" */ = {
			isa = XCConfigurationList;
			buildConfigurations = (
				C1D18DFC23A426BC00423D7F /* Debug */,
				C1D18DFD23A426BC00423D7F /* Release */,
			);
			defaultConfigurationIsVisible = 0;
			defaultConfigurationName = Release;
		};
/* End XCConfigurationList section */
	};
	rootObject = C1D18DDF23A426B500423D7F /* Project object */;
}
